
Microsoft Visual Studio Solution File, Format Version 12.00
# Visual Studio Version 17
VisualStudioVersion = 17.10.35004.147
MinimumVisualStudioVersion = 10.0.40219.1
Project("{9A19103F-16F7-4668-BE54-9A1E7A4F7556}") = "Assignment", "Assignment.csproj", "{A35DB2B8-BAAF-4299-A90C-4CF0664BB45D}"
EndProject
Global
	GlobalSection(SolutionConfigurationPlatforms) = preSolution
		Debug|Any CPU = Debug|Any CPU
		Release|Any CPU = Release|Any CPU
	EndGlobalSection
	GlobalSection(ProjectConfigurationPlatforms) = postSolution
		{A35DB2B8-BAAF-4299-A90C-4CF0664BB45D}.Debug|Any CPU.ActiveCfg = Debug|Any CPU
		{A35DB2B8-BAAF-4299-A90C-4CF0664BB45D}.Debug|Any CPU.Build.0 = Debug|Any CPU
		{A35DB2B8-BAAF-4299-A90C-4CF0664BB45D}.Release|Any CPU.ActiveCfg = Release|Any CPU
		{A35DB2B8-BAAF-4299-A90C-4CF0664BB45D}.Release|Any CPU.Build.0 = Release|Any CPU
	EndGlobalSection
	GlobalSection(SolutionProperties) = preSolution
		HideSolutionNode = FALSE
	EndGlobalSection
	GlobalSection(ExtensibilityGlobals) = postSolution
		SolutionGuid = {8DBC1788-78CD-4E67-B4CC-AA1D5E5F2A88}
	EndGlobalSection
EndGlobal
